
Microsoft Visual Studio Solution File, Format Version 12.00
# Visual Studio Version 16
VisualStudioVersion = 16.0.31205.134
MinimumVisualStudioVersion = 10.0.40219.1
Project("{FAE04EC0-301F-11D3-BF4B-00C04F79EFBC}") = "MidCourseProject", "MidCourseProject\MidCourseProject.csproj", "{FE450063-9EC9-4864-917C-44C743DC3331}"
EndProject
Global
	GlobalSection(SolutionConfigurationPlatforms) = preSolution
		Debug|Any CPU = Debug|Any CPU
		Release|Any CPU = Release|Any CPU
	EndGlobalSection
	GlobalSection(ProjectConfigurationPlatforms) = postSolution
		{FE450063-9EC9-4864-917C-44C743DC3331}.Debug|Any CPU.ActiveCfg = Debug|Any CPU
		{FE450063-9EC9-4864-917C-44C743DC3331}.Debug|Any CPU.Build.0 = Debug|Any CPU
		{FE450063-9EC9-4864-917C-44C743DC3331}.Release|Any CPU.ActiveCfg = Release|Any CPU
		{FE450063-9EC9-4864-917C-44C743DC3331}.Release|Any CPU.Build.0 = Release|Any CPU
	EndGlobalSection
	GlobalSection(SolutionProperties) = preSolution
		HideSolutionNode = FALSE
	EndGlobalSection
	GlobalSection(ExtensibilityGlobals) = postSolution
		SolutionGuid = {AA90F8AC-5C0E-4F76-BF24-DD5C33BC8F84}
	EndGlobalSection
EndGlobal
